// !$*UTF8*$!
{
	archiveVersion = 1;
	classes = {
	};
	objectVersion = 51;
	objects = {

/* Begin PBXBuildFile section */
		77E558B592068350585D3AA9 /* Pods_flix.framework in Frameworks */ = {isa = PBXBuildFile; fileRef = BD44623DE5D6FC07465DACAA /* Pods_flix.framework */; };
		D635EC350FB67CA220B1E340 /* Pods_flix_flixUITests.framework in Frameworks */ = {isa = PBXBuildFile; fileRef = DCBE6CEFD55FC08A6EB44226 /* Pods_flix_flixUITests.framework */; };
		E96DD93564EB911312B35FCE /* Pods_flixTests.framework in Frameworks */ = {isa = PBXBuildFile; fileRef = 7229AF36A2865B00EB05F02A /* Pods_flixTests.framework */; };
		F37054CC23EBEE1E00720B8B /* MovieGridViewController.swift in Sources */ = {isa = PBXBuildFile; fileRef = F37054CB23EBEE1E00720B8B /* MovieGridViewController.swift */; };
		F37054CE23EBF16000720B8B /* MovieGridCell.swift in Sources */ = {isa = PBXBuildFile; fileRef = F37054CD23EBF16000720B8B /* MovieGridCell.swift */; };
		F3D7C4B023DA808F00AD2E86 /* AppDelegate.swift in Sources */ = {isa = PBXBuildFile; fileRef = F3D7C4AF23DA808F00AD2E86 /* AppDelegate.swift */; };
		F3D7C4B223DA808F00AD2E86 /* SceneDelegate.swift in Sources */ = {isa = PBXBuildFile; fileRef = F3D7C4B123DA808F00AD2E86 /* SceneDelegate.swift */; };
		F3D7C4B723DA808F00AD2E86 /* Main.storyboard in Resources */ = {isa = PBXBuildFile; fileRef = F3D7C4B523DA808F00AD2E86 /* Main.storyboard */; };
		F3D7C4B923DA809500AD2E86 /* Assets.xcassets in Resources */ = {isa = PBXBuildFile; fileRef = F3D7C4B823DA809500AD2E86 /* Assets.xcassets */; };
		F3D7C4BC23DA809500AD2E86 /* LaunchScreen.storyboard in Resources */ = {isa = PBXBuildFile; fileRef = F3D7C4BA23DA809500AD2E86 /* LaunchScreen.storyboard */; };
		F3D7C4C723DA809500AD2E86 /* flixTests.swift in Sources */ = {isa = PBXBuildFile; fileRef = F3D7C4C623DA809500AD2E86 /* flixTests.swift */; };
		F3D7C4D223DA809500AD2E86 /* flixUITests.swift in Sources */ = {isa = PBXBuildFile; fileRef = F3D7C4D123DA809500AD2E86 /* flixUITests.swift */; };
		F3D7C4E023DA829500AD2E86 /* MoviesViewController.swift in Sources */ = {isa = PBXBuildFile; fileRef = F3D7C4DF23DA829500AD2E86 /* MoviesViewController.swift */; };
		F3D7C4E223DA8DD200AD2E86 /* MovieCell.swift in Sources */ = {isa = PBXBuildFile; fileRef = F3D7C4E123DA8DD200AD2E86 /* MovieCell.swift */; };
		F3F7F35E23E3BA9D00654F2E /* MovieDetailsViewController.swift in Sources */ = {isa = PBXBuildFile; fileRef = F3F7F35D23E3BA9D00654F2E /* MovieDetailsViewController.swift */; };
/* End PBXBuildFile section */

/* Begin PBXContainerItemProxy section */
		F3D7C4C323DA809500AD2E86 /* PBXContainerItemProxy */ = {
			isa = PBXContainerItemProxy;
			containerPortal = F3D7C4A423DA808E00AD2E86 /* Project object */;
			proxyType = 1;
			remoteGlobalIDString = F3D7C4AB23DA808F00AD2E86;
			remoteInfo = flix;
		};
		F3D7C4CE23DA809500AD2E86 /* PBXContainerItemProxy */ = {
			isa = PBXContainerItemProxy;
			containerPortal = F3D7C4A423DA808E00AD2E86 /* Project object */;
			proxyType = 1;
			remoteGlobalIDString = F3D7C4AB23DA808F00AD2E86;
			remoteInfo = flix;
		};
/* End PBXContainerItemProxy section */

/* Begin PBXFileReference section */
		7229AF36A2865B00EB05F02A /* Pods_flixTests.framework */ = {isa = PBXFileReference; explicitFileType = wrapper.framework; includeInIndex = 0; path = Pods_flixTests.framework; sourceTree = BUILT_PRODUCTS_DIR; };
		7410ED2805EB53A095291420 /* Pods-flixTests.debug.xcconfig */ = {isa = PBXFileReference; includeInIndex = 1; lastKnownFileType = text.xcconfig; name = "Pods-flixTests.debug.xcconfig"; path = "Target Support Files/Pods-flixTests/Pods-flixTests.debug.xcconfig"; sourceTree = "<group>"; };
		7FB73F0A504E38D5929D3DAC /* Pods-flix-flixUITests.debug.xcconfig */ = {isa = PBXFileReference; includeInIndex = 1; lastKnownFileType = text.xcconfig; name = "Pods-flix-flixUITests.debug.xcconfig"; path = "Target Support Files/Pods-flix-flixUITests/Pods-flix-flixUITests.debug.xcconfig"; sourceTree = "<group>"; };
		8AAF45E06A67B69E97E066E9 /* Pods-flixTests.release.xcconfig */ = {isa = PBXFileReference; includeInIndex = 1; lastKnownFileType = text.xcconfig; name = "Pods-flixTests.release.xcconfig"; path = "Target Support Files/Pods-flixTests/Pods-flixTests.release.xcconfig"; sourceTree = "<group>"; };
		B8AC89A438FEF9F857875DEB /* Pods-flix-flixUITests.release.xcconfig */ = {isa = PBXFileReference; includeInIndex = 1; lastKnownFileType = text.xcconfig; name = "Pods-flix-flixUITests.release.xcconfig"; path = "Target Support Files/Pods-flix-flixUITests/Pods-flix-flixUITests.release.xcconfig"; sourceTree = "<group>"; };
		BD44623DE5D6FC07465DACAA /* Pods_flix.framework */ = {isa = PBXFileReference; explicitFileType = wrapper.framework; includeInIndex = 0; path = Pods_flix.framework; sourceTree = BUILT_PRODUCTS_DIR; };
		C01B9073C7602B76770052D1 /* Pods-flix.release.xcconfig */ = {isa = PBXFileReference; includeInIndex = 1; lastKnownFileType = text.xcconfig; name = "Pods-flix.release.xcconfig"; path = "Target Support Files/Pods-flix/Pods-flix.release.xcconfig"; sourceTree = "<group>"; };
		C03A80B1D67630B5ED94DCEE /* Pods-flix.debug.xcconfig */ = {isa = PBXFileReference; includeInIndex = 1; lastKnownFileType = text.xcconfig; name = "Pods-flix.debug.xcconfig"; path = "Target Support Files/Pods-flix/Pods-flix.debug.xcconfig"; sourceTree = "<group>"; };
		DCBE6CEFD55FC08A6EB44226 /* Pods_flix_flixUITests.framework */ = {isa = PBXFileReference; explicitFileType = wrapper.framework; includeInIndex = 0; path = Pods_flix_flixUITests.framework; sourceTree = BUILT_PRODUCTS_DIR; };
		F37054CB23EBEE1E00720B8B /* MovieGridViewController.swift */ = {isa = PBXFileReference; lastKnownFileType = sourcecode.swift; path = MovieGridViewController.swift; sourceTree = "<group>"; };
		F37054CD23EBF16000720B8B /* MovieGridCell.swift */ = {isa = PBXFileReference; lastKnownFileType = sourcecode.swift; path = MovieGridCell.swift; sourceTree = "<group>"; };
		F3D7C4AC23DA808F00AD2E86 /* flix.app */ = {isa = PBXFileReference; explicitFileType = wrapper.application; includeInIndex = 0; path = flix.app; sourceTree = BUILT_PRODUCTS_DIR; };
		F3D7C4AF23DA808F00AD2E86 /* AppDelegate.swift */ = {isa = PBXFileReference; lastKnownFileType = sourcecode.swift; path = AppDelegate.swift; sourceTree = "<group>"; };
		F3D7C4B123DA808F00AD2E86 /* SceneDelegate.swift */ = {isa = PBXFileReference; lastKnownFileType = sourcecode.swift; path = SceneDelegate.swift; sourceTree = "<group>"; };
		F3D7C4B623DA808F00AD2E86 /* Base */ = {isa = PBXFileReference; lastKnownFileType = file.storyboard; name = Base; path = Base.lproj/Main.storyboard; sourceTree = "<group>"; };
		F3D7C4B823DA809500AD2E86 /* Assets.xcassets */ = {isa = PBXFileReference; lastKnownFileType = folder.assetcatalog; path = Assets.xcassets; sourceTree = "<group>"; };
		F3D7C4BB23DA809500AD2E86 /* Base */ = {isa = PBXFileReference; lastKnownFileType = file.storyboard; name = Base; path = Base.lproj/LaunchScreen.storyboard; sourceTree = "<group>"; };
		F3D7C4BD23DA809500AD2E86 /* Info.plist */ = {isa = PBXFileReference; lastKnownFileType = text.plist.xml; path = Info.plist; sourceTree = "<group>"; };
		F3D7C4C223DA809500AD2E86 /* flixTests.xctest */ = {isa = PBXFileReference; explicitFileType = wrapper.cfbundle; includeInIndex = 0; path = flixTests.xctest; sourceTree = BUILT_PRODUCTS_DIR; };
		F3D7C4C623DA809500AD2E86 /* flixTests.swift */ = {isa = PBXFileReference; lastKnownFileType = sourcecode.swift; path = flixTests.swift; sourceTree = "<group>"; };
		F3D7C4C823DA809500AD2E86 /* Info.plist */ = {isa = PBXFileReference; lastKnownFileType = text.plist.xml; path = Info.plist; sourceTree = "<group>"; };
		F3D7C4CD23DA809500AD2E86 /* flixUITests.xctest */ = {isa = PBXFileReference; explicitFileType = wrapper.cfbundle; includeInIndex = 0; path = flixUITests.xctest; sourceTree = BUILT_PRODUCTS_DIR; };
		F3D7C4D123DA809500AD2E86 /* flixUITests.swift */ = {isa = PBXFileReference; lastKnownFileType = sourcecode.swift; path = flixUITests.swift; sourceTree = "<group>"; };
		F3D7C4D323DA809500AD2E86 /* Info.plist */ = {isa = PBXFileReference; lastKnownFileType = text.plist.xml; path = Info.plist; sourceTree = "<group>"; };
		F3D7C4DF23DA829500AD2E86 /* MoviesViewController.swift */ = {isa = PBXFileReference; lastKnownFileType = sourcecode.swift; path = MoviesViewController.swift; sourceTree = "<group>"; };
		F3D7C4E123DA8DD200AD2E86 /* MovieCell.swift */ = {isa = PBXFileReference; lastKnownFileType = sourcecode.swift; path = MovieCell.swift; sourceTree = "<group>"; };
		F3F7F35D23E3BA9D00654F2E /* MovieDetailsViewController.swift */ = {isa = PBXFileReference; lastKnownFileType = sourcecode.swift; path = MovieDetailsViewController.swift; sourceTree = "<group>"; };
/* End PBXFileReference section */

/* Begin PBXFrameworksBuildPhase section */
		F3D7C4A923DA808F00AD2E86 /* Frameworks */ = {
			isa = PBXFrameworksBuildPhase;
			buildActionMask = 2147483647;
			files = (
				77E558B592068350585D3AA9 /* Pods_flix.framework in Frameworks */,
			);
			runOnlyForDeploymentPostprocessing = 0;
		};
		F3D7C4BF23DA809500AD2E86 /* Frameworks */ = {
			isa = PBXFrameworksBuildPhase;
			buildActionMask = 2147483647;
			files = (
				E96DD93564EB911312B35FCE /* Pods_flixTests.framework in Frameworks */,
			);
			runOnlyForDeploymentPostprocessing = 0;
		};
		F3D7C4CA23DA809500AD2E86 /* Frameworks */ = {
			isa = PBXFrameworksBuildPhase;
			buildActionMask = 2147483647;
			files = (
				D635EC350FB67CA220B1E340 /* Pods_flix_flixUITests.framework in Frameworks */,
			);
			runOnlyForDeploymentPostprocessing = 0;
		};
/* End PBXFrameworksBuildPhase section */

/* Begin PBXGroup section */
		D93F2CDDF51D620D61401109 /* Pods */ = {
			isa = PBXGroup;
			children = (
				C03A80B1D67630B5ED94DCEE /* Pods-flix.debug.xcconfig */,
				C01B9073C7602B76770052D1 /* Pods-flix.release.xcconfig */,
				7FB73F0A504E38D5929D3DAC /* Pods-flix-flixUITests.debug.xcconfig */,
				B8AC89A438FEF9F857875DEB /* Pods-flix-flixUITests.release.xcconfig */,
				7410ED2805EB53A095291420 /* Pods-flixTests.debug.xcconfig */,
				8AAF45E06A67B69E97E066E9 /* Pods-flixTests.release.xcconfig */,
			);
			path = Pods;
			sourceTree = "<group>";
		};
		E26674E8FF66016D50153CC5 /* Frameworks */ = {
			isa = PBXGroup;
			children = (
				BD44623DE5D6FC07465DACAA /* Pods_flix.framework */,
				DCBE6CEFD55FC08A6EB44226 /* Pods_flix_flixUITests.framework */,
				7229AF36A2865B00EB05F02A /* Pods_flixTests.framework */,
			);
			name = Frameworks;
			sourceTree = "<group>";
		};
		F3D7C4A323DA808E00AD2E86 = {
			isa = PBXGroup;
			children = (
				F3D7C4AE23DA808F00AD2E86 /* flix */,
				F3D7C4C523DA809500AD2E86 /* flixTests */,
				F3D7C4D023DA809500AD2E86 /* flixUITests */,
				F3D7C4AD23DA808F00AD2E86 /* Products */,
				D93F2CDDF51D620D61401109 /* Pods */,
				E26674E8FF66016D50153CC5 /* Frameworks */,
			);
			sourceTree = "<group>";
		};
		F3D7C4AD23DA808F00AD2E86 /* Products */ = {
			isa = PBXGroup;
			children = (
				F3D7C4AC23DA808F00AD2E86 /* flix.app */,
				F3D7C4C223DA809500AD2E86 /* flixTests.xctest */,
				F3D7C4CD23DA809500AD2E86 /* flixUITests.xctest */,
			);
			name = Products;
			sourceTree = "<group>";
		};
		F3D7C4AE23DA808F00AD2E86 /* flix */ = {
			isa = PBXGroup;
			children = (
				F3D7C4AF23DA808F00AD2E86 /* AppDelegate.swift */,
				F3D7C4B123DA808F00AD2E86 /* SceneDelegate.swift */,
				F3D7C4B523DA808F00AD2E86 /* Main.storyboard */,
				F3F7F35D23E3BA9D00654F2E /* MovieDetailsViewController.swift */,
				F3D7C4B823DA809500AD2E86 /* Assets.xcassets */,
				F3D7C4BA23DA809500AD2E86 /* LaunchScreen.storyboard */,
				F3D7C4BD23DA809500AD2E86 /* Info.plist */,
				F3D7C4DF23DA829500AD2E86 /* MoviesViewController.swift */,
				F3D7C4E123DA8DD200AD2E86 /* MovieCell.swift */,
				F37054CB23EBEE1E00720B8B /* MovieGridViewController.swift */,
				F37054CD23EBF16000720B8B /* MovieGridCell.swift */,
			);
			path = flix;
			sourceTree = "<group>";
		};
		F3D7C4C523DA809500AD2E86 /* flixTests */ = {
			isa = PBXGroup;
			children = (
				F3D7C4C623DA809500AD2E86 /* flixTests.swift */,
				F3D7C4C823DA809500AD2E86 /* Info.plist */,
			);
			path = flixTests;
			sourceTree = "<group>";
		};
		F3D7C4D023DA809500AD2E86 /* flixUITests */ = {
			isa = PBXGroup;
			children = (
				F3D7C4D123DA809500AD2E86 /* flixUITests.swift */,
				F3D7C4D323DA809500AD2E86 /* Info.plist */,
			);
			path = flixUITests;
			sourceTree = "<group>";
		};
/* End PBXGroup section */

/* Begin PBXNativeTarget section */
		F3D7C4AB23DA808F00AD2E86 /* flix */ = {
			isa = PBXNativeTarget;
			buildConfigurationList = F3D7C4D623DA809500AD2E86 /* Build configuration list for PBXNativeTarget "flix" */;
			buildPhases = (
				0A33C918FDDE771B5C3882EB /* [CP] Check Pods Manifest.lock */,
				F3D7C4A823DA808F00AD2E86 /* Sources */,
				F3D7C4A923DA808F00AD2E86 /* Frameworks */,
				F3D7C4AA23DA808F00AD2E86 /* Resources */,
				BB06A432B85D35549FF4ADF9 /* [CP] Embed Pods Frameworks */,
			);
			buildRules = (
			);
			dependencies = (
			);
			name = flix;
			productName = flix;
			productReference = F3D7C4AC23DA808F00AD2E86 /* flix.app */;
			productType = "com.apple.product-type.application";
		};
		F3D7C4C123DA809500AD2E86 /* flixTests */ = {
			isa = PBXNativeTarget;
			buildConfigurationList = F3D7C4D923DA809500AD2E86 /* Build configuration list for PBXNativeTarget "flixTests" */;
			buildPhases = (
				F4C89B34B5D019D7544AA980 /* [CP] Check Pods Manifest.lock */,
				F3D7C4BE23DA809500AD2E86 /* Sources */,
				F3D7C4BF23DA809500AD2E86 /* Frameworks */,
				F3D7C4C023DA809500AD2E86 /* Resources */,
			);
			buildRules = (
			);
			dependencies = (
				F3D7C4C423DA809500AD2E86 /* PBXTargetDependency */,
			);
			name = flixTests;
			productName = flixTests;
			productReference = F3D7C4C223DA809500AD2E86 /* flixTests.xctest */;
			productType = "com.apple.product-type.bundle.unit-test";
		};
		F3D7C4CC23DA809500AD2E86 /* flixUITests */ = {
			isa = PBXNativeTarget;
			buildConfigurationList = F3D7C4DC23DA809500AD2E86 /* Build configuration list for PBXNativeTarget "flixUITests" */;
			buildPhases = (
				35D8771F9153F2466E764F50 /* [CP] Check Pods Manifest.lock */,
				F3D7C4C923DA809500AD2E86 /* Sources */,
				F3D7C4CA23DA809500AD2E86 /* Frameworks */,
				F3D7C4CB23DA809500AD2E86 /* Resources */,
				5DE96C491D572DC39E40DBB6 /* [CP] Embed Pods Frameworks */,
			);
			buildRules = (
			);
			dependencies = (
				F3D7C4CF23DA809500AD2E86 /* PBXTargetDependency */,
			);
			name = flixUITests;
			productName = flixUITests;
			productReference = F3D7C4CD23DA809500AD2E86 /* flixUITests.xctest */;
			productType = "com.apple.product-type.bundle.ui-testing";
		};
/* End PBXNativeTarget section */

/* Begin PBXProject section */
		F3D7C4A423DA808E00AD2E86 /* Project object */ = {
			isa = PBXProject;
			attributes = {
				LastSwiftUpdateCheck = 1130;
				LastUpgradeCheck = 1130;
				ORGANIZATIONNAME = "ilikepieqwerty123@gmail.com";
				TargetAttributes = {
					F3D7C4AB23DA808F00AD2E86 = {
						CreatedOnToolsVersion = 11.3.1;
					};
					F3D7C4C123DA809500AD2E86 = {
						CreatedOnToolsVersion = 11.3.1;
						TestTargetID = F3D7C4AB23DA808F00AD2E86;
					};
					F3D7C4CC23DA809500AD2E86 = {
						CreatedOnToolsVersion = 11.3.1;
						TestTargetID = F3D7C4AB23DA808F00AD2E86;
					};
				};
			};
			buildConfigurationList = F3D7C4A723DA808E00AD2E86 /* Build configuration list for PBXProject "flix" */;
			compatibilityVersion = "Xcode 9.3";
			developmentRegion = en;
			hasScannedForEncodings = 0;
			knownRegions = (
				en,
				Base,
			);
			mainGroup = F3D7C4A323DA808E00AD2E86;
			productRefGroup = F3D7C4AD23DA808F00AD2E86 /* Products */;
			projectDirPath = "";
			projectRoot = "";
			targets = (
				F3D7C4AB23DA808F00AD2E86 /* flix */,
				F3D7C4C123DA809500AD2E86 /* flixTests */,
				F3D7C4CC23DA809500AD2E86 /* flixUITests */,
			);
		};
/* End PBXProject section */

/* Begin PBXResourcesBuildPhase section */
		F3D7C4AA23DA808F00AD2E86 /* Resources */ = {
			isa = PBXResourcesBuildPhase;
			buildActionMask = 2147483647;
			files = (
				F3D7C4BC23DA809500AD2E86 /* LaunchScreen.storyboard in Resources */,
				F3D7C4B923DA809500AD2E86 /* Assets.xcassets in Resources */,
				F3D7C4B723DA808F00AD2E86 /* Main.storyboard in Resources */,
			);
			runOnlyForDeploymentPostprocessing = 0;
		};
		F3D7C4C023DA809500AD2E86 /* Resources */ = {
			isa = PBXResourcesBuildPhase;
			buildActionMask = 2147483647;
			files = (
			);
			runOnlyForDeploymentPostprocessing = 0;
		};
		F3D7C4CB23DA809500AD2E86 /* Resources */ = {
			isa = PBXResourcesBuildPhase;
			buildActionMask = 2147483647;
			files = (
			);
			runOnlyForDeploymentPostprocessing = 0;
		};
/* End PBXResourcesBuildPhase section */

/* Begin PBXShellScriptBuildPhase section */
		0A33C918FDDE771B5C3882EB /* [CP] Check Pods Manifest.lock */ = {
			isa = PBXShellScriptBuildPhase;
			buildActionMask = 2147483647;
			files = (
			);
			inputFileListPaths = (
			);
			inputPaths = (
				"${PODS_PODFILE_DIR_PATH}/Podfile.lock",
				"${PODS_ROOT}/Manifest.lock",
			);
			name = "[CP] Check Pods Manifest.lock";
			outputFileListPaths = (
			);
			outputPaths = (
				"$(DERIVED_FILE_DIR)/Pods-flix-checkManifestLockResult.txt",
			);
			runOnlyForDeploymentPostprocessing = 0;
			shellPath = /bin/sh;
			shellScript = "diff \"${PODS_PODFILE_DIR_PATH}/Podfile.lock\" \"${PODS_ROOT}/Manifest.lock\" > /dev/null\nif [ $? != 0 ] ; then\n    # print error to STDERR\n    echo \"error: The sandbox is not in sync with the Podfile.lock. Run 'pod install' or update your CocoaPods installation.\" >&2\n    exit 1\nfi\n# This output is used by Xcode 'outputs' to avoid re-running this script phase.\necho \"SUCCESS\" > \"${SCRIPT_OUTPUT_FILE_0}\"\n";
			showEnvVarsInLog = 0;
		};
		35D8771F9153F2466E764F50 /* [CP] Check Pods Manifest.lock */ = {
			isa = PBXShellScriptBuildPhase;
			buildActionMask = 2147483647;
			files = (
			);
			inputFileListPaths = (
			);
			inputPaths = (
				"${PODS_PODFILE_DIR_PATH}/Podfile.lock",
				"${PODS_ROOT}/Manifest.lock",
			);
			name = "[CP] Check Pods Manifest.lock";
			outputFileListPaths = (
			);
			outputPaths = (
				"$(DERIVED_FILE_DIR)/Pods-flix-flixUITests-checkManifestLockResult.txt",
			);
			runOnlyForDeploymentPostprocessing = 0;
			shellPath = /bin/sh;
			shellScript = "diff \"${PODS_PODFILE_DIR_PATH}/Podfile.lock\" \"${PODS_ROOT}/Manifest.lock\" > /dev/null\nif [ $? != 0 ] ; then\n    # print error to STDERR\n    echo \"error: The sandbox is not in sync with the Podfile.lock. Run 'pod install' or update your CocoaPods installation.\" >&2\n    exit 1\nfi\n# This output is used by Xcode 'outputs' to avoid re-running this script phase.\necho \"SUCCESS\" > \"${SCRIPT_OUTPUT_FILE_0}\"\n";
			showEnvVarsInLog = 0;
		};
		5DE96C491D572DC39E40DBB6 /* [CP] Embed Pods Frameworks */ = {
			isa = PBXShellScriptBuildPhase;
			buildActionMask = 2147483647;
			files = (
			);
			inputFileListPaths = (
				"${PODS_ROOT}/Target Support Files/Pods-flix-flixUITests/Pods-flix-flixUITests-frameworks-${CONFIGURATION}-input-files.xcfilelist",
			);
			name = "[CP] Embed Pods Frameworks";
			outputFileListPaths = (
				"${PODS_ROOT}/Target Support Files/Pods-flix-flixUITests/Pods-flix-flixUITests-frameworks-${CONFIGURATION}-output-files.xcfilelist",
			);
			runOnlyForDeploymentPostprocessing = 0;
			shellPath = /bin/sh;
			shellScript = "\"${PODS_ROOT}/Target Support Files/Pods-flix-flixUITests/Pods-flix-flixUITests-frameworks.sh\"\n";
			showEnvVarsInLog = 0;
		};
		BB06A432B85D35549FF4ADF9 /* [CP] Embed Pods Frameworks */ = {
			isa = PBXShellScriptBuildPhase;
			buildActionMask = 2147483647;
			files = (
			);
			inputFileListPaths = (
				"${PODS_ROOT}/Target Support Files/Pods-flix/Pods-flix-frameworks-${CONFIGURATION}-input-files.xcfilelist",
			);
			name = "[CP] Embed Pods Frameworks";
			outputFileListPaths = (
				"${PODS_ROOT}/Target Support Files/Pods-flix/Pods-flix-frameworks-${CONFIGURATION}-output-files.xcfilelist",
			);
			runOnlyForDeploymentPostprocessing = 0;
			shellPath = /bin/sh;
			shellScript = "\"${PODS_ROOT}/Target Support Files/Pods-flix/Pods-flix-frameworks.sh\"\n";
			showEnvVarsInLog = 0;
		};
		F4C89B34B5D019D7544AA980 /* [CP] Check Pods Manifest.lock */ = {
			isa = PBXShellScriptBuildPhase;
			buildActionMask = 2147483647;
			files = (
			);
			inputFileListPaths = (
			);
			inputPaths = (
				"${PODS_PODFILE_DIR_PATH}/Podfile.lock",
				"${PODS_ROOT}/Manifest.lock",
			);
			name = "[CP] Check Pods Manifest.lock";
			outputFileListPaths = (
			);
			outputPaths = (
				"$(DERIVED_FILE_DIR)/Pods-flixTests-checkManifestLockResult.txt",
			);
			runOnlyForDeploymentPostprocessing = 0;
			shellPath = /bin/sh;
			shellScript = "diff \"${PODS_PODFILE_DIR_PATH}/Podfile.lock\" \"${PODS_ROOT}/Manifest.lock\" > /dev/null\nif [ $? != 0 ] ; then\n    # print error to STDERR\n    echo \"error: The sandbox is not in sync with the Podfile.lock. Run 'pod install' or update your CocoaPods installation.\" >&2\n    exit 1\nfi\n# This output is used by Xcode 'outputs' to avoid re-running this script phase.\necho \"SUCCESS\" > \"${SCRIPT_OUTPUT_FILE_0}\"\n";
			showEnvVarsInLog = 0;
		};
/* End PBXShellScriptBuildPhase section */

/* Begin PBXSourcesBuildPhase section */
		F3D7C4A823DA808F00AD2E86 /* Sources */ = {
			isa = PBXSourcesBuildPhase;
			buildActionMask = 2147483647;
			files = (
				F3F7F35E23E3BA9D00654F2E /* MovieDetailsViewController.swift in Sources */,
				F3D7C4B023DA808F00AD2E86 /* AppDelegate.swift in Sources */,
				F3D7C4B223DA808F00AD2E86 /* SceneDelegate.swift in Sources */,
				F3D7C4E223DA8DD200AD2E86 /* MovieCell.swift in Sources */,
				F3D7C4E023DA829500AD2E86 /* MoviesViewController.swift in Sources */,
				F37054CC23EBEE1E00720B8B /* MovieGridViewController.swift in Sources */,
				F37054CE23EBF16000720B8B /* MovieGridCell.swift in Sources */,
			);
			runOnlyForDeploymentPostprocessing = 0;
		};
		F3D7C4BE23DA809500AD2E86 /* Sources */ = {
			isa = PBXSourcesBuildPhase;
			buildActionMask = 2147483647;
			files = (
				F3D7C4C723DA809500AD2E86 /* flixTests.swift in Sources */,
			);
			runOnlyForDeploymentPostprocessing = 0;
		};
		F3D7C4C923DA809500AD2E86 /* Sources */ = {
			isa = PBXSourcesBuildPhase;
			buildActionMask = 2147483647;
			files = (
				F3D7C4D223DA809500AD2E86 /* flixUITests.swift in Sources */,
			);
			runOnlyForDeploymentPostprocessing = 0;
		};
/* End PBXSourcesBuildPhase section */

/* Begin PBXTargetDependency section */
		F3D7C4C423DA809500AD2E86 /* PBXTargetDependency */ = {
			isa = PBXTargetDependency;
			target = F3D7C4AB23DA808F00AD2E86 /* flix */;
			targetProxy = F3D7C4C323DA809500AD2E86 /* PBXContainerItemProxy */;
		};
		F3D7C4CF23DA809500AD2E86 /* PBXTargetDependency */ = {
			isa = PBXTargetDependency;
			target = F3D7C4AB23DA808F00AD2E86 /* flix */;
			targetProxy = F3D7C4CE23DA809500AD2E86 /* PBXContainerItemProxy */;
		};
/* End PBXTargetDependency section */

/* Begin PBXVariantGroup section */
		F3D7C4B523DA808F00AD2E86 /* Main.storyboard */ = {
			isa = PBXVariantGroup;
			children = (
				F3D7C4B623DA808F00AD2E86 /* Base */,
			);
			name = Main.storyboard;
			sourceTree = "<group>";
		};
		F3D7C4BA23DA809500AD2E86 /* LaunchScreen.storyboard */ = {
			isa = PBXVariantGroup;
			children = (
				F3D7C4BB23DA809500AD2E86 /* Base */,
			);
			name = LaunchScreen.storyboard;
			sourceTree = "<group>";
		};
/* End PBXVariantGroup section */

/* Begin XCBuildConfiguration section */
		F3D7C4D423DA809500AD2E86 /* Debug */ = {
			isa = XCBuildConfiguration;
			buildSettings = {
				ALWAYS_SEARCH_USER_PATHS = NO;
				CLANG_ANALYZER_NONNULL = YES;
				CLANG_ANALYZER_NUMBER_OBJECT_CONVERSION = YES_AGGRESSIVE;
				CLANG_CXX_LANGUAGE_STANDARD = "gnu++14";
				CLANG_CXX_LIBRARY = "libc++";
				CLANG_ENABLE_MODULES = YES;
				CLANG_ENABLE_OBJC_ARC = YES;
				CLANG_ENABLE_OBJC_WEAK = YES;
				CLANG_WARN_BLOCK_CAPTURE_AUTORELEASING = YES;
				CLANG_WARN_BOOL_CONVERSION = YES;
				CLANG_WARN_COMMA = YES;
				CLANG_WARN_CONSTANT_CONVERSION = YES;
				CLANG_WARN_DEPRECATED_OBJC_IMPLEMENTATIONS = YES;
				CLANG_WARN_DIRECT_OBJC_ISA_USAGE = YES_ERROR;
				CLANG_WARN_DOCUMENTATION_COMMENTS = YES;
				CLANG_WARN_EMPTY_BODY = YES;
				CLANG_WARN_ENUM_CONVERSION = YES;
				CLANG_WARN_INFINITE_RECURSION = YES;
				CLANG_WARN_INT_CONVERSION = YES;
				CLANG_WARN_NON_LITERAL_NULL_CONVERSION = YES;
				CLANG_WARN_OBJC_IMPLICIT_RETAIN_SELF = YES;
				CLANG_WARN_OBJC_LITERAL_CONVERSION = YES;
				CLANG_WARN_OBJC_ROOT_CLASS = YES_ERROR;
				CLANG_WARN_RANGE_LOOP_ANALYSIS = YES;
				CLANG_WARN_STRICT_PROTOTYPES = YES;
				CLANG_WARN_SUSPICIOUS_MOVE = YES;
				CLANG_WARN_UNGUARDED_AVAILABILITY = YES_AGGRESSIVE;
				CLANG_WARN_UNREACHABLE_CODE = YES;
				CLANG_WARN__DUPLICATE_METHOD_MATCH = YES;
				COPY_PHASE_STRIP = NO;
				DEBUG_INFORMATION_FORMAT = dwarf;
				ENABLE_STRICT_OBJC_MSGSEND = YES;
				ENABLE_TESTABILITY = YES;
				GCC_C_LANGUAGE_STANDARD = gnu11;
				GCC_DYNAMIC_NO_PIC = NO;
				GCC_NO_COMMON_BLOCKS = YES;
				GCC_OPTIMIZATION_LEVEL = 0;
				GCC_PREPROCESSOR_DEFINITIONS = (
					"DEBUG=1",
					"$(inherited)",
				);
				GCC_WARN_64_TO_32_BIT_CONVERSION = YES;
				GCC_WARN_ABOUT_RETURN_TYPE = YES_ERROR;
				GCC_WARN_UNDECLARED_SELECTOR = YES;
				GCC_WARN_UNINITIALIZED_AUTOS = YES_AGGRESSIVE;
				GCC_WARN_UNUSED_FUNCTION = YES;
				GCC_WARN_UNUSED_VARIABLE = YES;
				IPHONEOS_DEPLOYMENT_TARGET = 13.2;
				MTL_ENABLE_DEBUG_INFO = INCLUDE_SOURCE;
				MTL_FAST_MATH = YES;
				ONLY_ACTIVE_ARCH = YES;
				SDKROOT = iphoneos;
				SWIFT_ACTIVE_COMPILATION_CONDITIONS = DEBUG;
				SWIFT_OPTIMIZATION_LEVEL = "-Onone";
			};
			name = Debug;
		};
		F3D7C4D523DA809500AD2E86 /* Release */ = {
			isa = XCBuildConfiguration;
			buildSettings = {
				ALWAYS_SEARCH_USER_PATHS = NO;
				CLANG_ANALYZER_NONNULL = YES;
				CLANG_ANALYZER_NUMBER_OBJECT_CONVERSION = YES_AGGRESSIVE;
				CLANG_CXX_LANGUAGE_STANDARD = "gnu++14";
				CLANG_CXX_LIBRARY = "libc++";
				CLANG_ENABLE_MODULES = YES;
				CLANG_ENABLE_OBJC_ARC = YES;
				CLANG_ENABLE_OBJC_WEAK = YES;
				CLANG_WARN_BLOCK_CAPTURE_AUTORELEASING = YES;
				CLANG_WARN_BOOL_CONVERSION = YES;
				CLANG_WARN_COMMA = YES;
				CLANG_WARN_CONSTANT_CONVERSION = YES;
				CLANG_WARN_DEPRECATED_OBJC_IMPLEMENTATIONS = YES;
				CLANG_WARN_DIRECT_OBJC_ISA_USAGE = YES_ERROR;
				CLANG_WARN_DOCUMENTATION_COMMENTS = YES;
				CLANG_WARN_EMPTY_BODY = YES;
				CLANG_WARN_ENUM_CONVERSION = YES;
				CLANG_WARN_INFINITE_RECURSION = YES;
				CLANG_WARN_INT_CONVERSION = YES;
				CLANG_WARN_NON_LITERAL_NULL_CONVERSION = YES;
				CLANG_WARN_OBJC_IMPLICIT_RETAIN_SELF = YES;
				CLANG_WARN_OBJC_LITERAL_CONVERSION = YES;
				CLANG_WARN_OBJC_ROOT_CLASS = YES_ERROR;
				CLANG_WARN_RANGE_LOOP_ANALYSIS = YES;
				CLANG_WARN_STRICT_PROTOTYPES = YES;
				CLANG_WARN_SUSPICIOUS_MOVE = YES;
				CLANG_WARN_UNGUARDED_AVAILABILITY = YES_AGGRESSIVE;
				CLANG_WARN_UNREACHABLE_CODE = YES;
				CLANG_WARN__DUPLICATE_METHOD_MATCH = YES;
				COPY_PHASE_STRIP = NO;
				DEBUG_INFORMATION_FORMAT = "dwarf-with-dsym";
				ENABLE_NS_ASSERTIONS = NO;
				ENABLE_STRICT_OBJC_MSGSEND = YES;
				GCC_C_LANGUAGE_STANDARD = gnu11;
				GCC_NO_COMMON_BLOCKS = YES;
				GCC_WARN_64_TO_32_BIT_CONVERSION = YES;
				GCC_WARN_ABOUT_RETURN_TYPE = YES_ERROR;
				GCC_WARN_UNDECLARED_SELECTOR = YES;
				GCC_WARN_UNINITIALIZED_AUTOS = YES_AGGRESSIVE;
				GCC_WARN_UNUSED_FUNCTION = YES;
				GCC_WARN_UNUSED_VARIABLE = YES;
				IPHONEOS_DEPLOYMENT_TARGET = 13.2;
				MTL_ENABLE_DEBUG_INFO = NO;
				MTL_FAST_MATH = YES;
				SDKROOT = iphoneos;
				SWIFT_COMPILATION_MODE = wholemodule;
				SWIFT_OPTIMIZATION_LEVEL = "-O";
				VALIDATE_PRODUCT = YES;
			};
			name = Release;
		};
		F3D7C4D723DA809500AD2E86 /* Debug */ = {
			isa = XCBuildConfiguration;
			baseConfigurationReference = C03A80B1D67630B5ED94DCEE /* Pods-flix.debug.xcconfig */;
			buildSettings = {
				ASSETCATALOG_COMPILER_APPICON_NAME = AppIcon;
				CODE_SIGN_STYLE = Automatic;
				INFOPLIST_FILE = flix/Info.plist;
				LD_RUNPATH_SEARCH_PATHS = (
					"$(inherited)",
					"@executable_path/Frameworks",
				);
				PRODUCT_BUNDLE_IDENTIFIER = "ilikepieqwerty123-gmail.com.flix";
				PRODUCT_NAME = "$(TARGET_NAME)";
				SWIFT_VERSION = 5.0;
				TARGETED_DEVICE_FAMILY = "1,2";
			};
			name = Debug;
		};
		F3D7C4D823DA809500AD2E86 /* Release */ = {
			isa = XCBuildConfiguration;
			baseConfigurationReference = C01B9073C7602B76770052D1 /* Pods-flix.release.xcconfig */;
			buildSettings = {
				ASSETCATALOG_COMPILER_APPICON_NAME = AppIcon;
				CODE_SIGN_STYLE = Automatic;
				INFOPLIST_FILE = flix/Info.plist;
				LD_RUNPATH_SEARCH_PATHS = (
					"$(inherited)",
					"@executable_path/Frameworks",
				);
				PRODUCT_BUNDLE_IDENTIFIER = "ilikepieqwerty123-gmail.com.flix";
				PRODUCT_NAME = "$(TARGET_NAME)";
				SWIFT_VERSION = 5.0;
				TARGETED_DEVICE_FAMILY = "1,2";
			};
			name = Release;
		};
		F3D7C4DA23DA809500AD2E86 /* Debug */ = {
			isa = XCBuildConfiguration;
			baseConfigurationReference = 7410ED2805EB53A095291420 /* Pods-flixTests.debug.xcconfig */;
			buildSettings = {
				ALWAYS_EMBED_SWIFT_STANDARD_LIBRARIES = YES;
				BUNDLE_LOADER = "$(TEST_HOST)";
				CODE_SIGN_STYLE = Automatic;
				INFOPLIST_FILE = flixTests/Info.plist;
				IPHONEOS_DEPLOYMENT_TARGET = 13.2;
				LD_RUNPATH_SEARCH_PATHS = (
					"$(inherited)",
					"@executable_path/Frameworks",
					"@loader_path/Frameworks",
				);
				PRODUCT_BUNDLE_IDENTIFIER = "ilikepieqwerty123-gmail.com.flixTests";
				PRODUCT_NAME = "$(TARGET_NAME)";
				SWIFT_VERSION = 5.0;
				TARGETED_DEVICE_FAMILY = "1,2";
				TEST_HOST = "$(BUILT_PRODUCTS_DIR)/flix.app/flix";
			};
			name = Debug;
		};
		F3D7C4DB23DA809500AD2E86 /* Release */ = {
			isa = XCBuildConfiguration;
			baseConfigurationReference = 8AAF45E06A67B69E97E066E9 /* Pods-flixTests.release.xcconfig */;
			buildSettings = {
				ALWAYS_EMBED_SWIFT_STANDARD_LIBRARIES = YES;
				BUNDLE_LOADER = "$(TEST_HOST)";
				CODE_SIGN_STYLE = Automatic;
				INFOPLIST_FILE = flixTests/Info.plist;
				IPHONEOS_DEPLOYMENT_TARGET = 13.2;
				LD_RUNPATH_SEARCH_PATHS = (
					"$(inherited)",
					"@executable_path/Frameworks",
					"@loader_path/Frameworks",
				);
				PRODUCT_BUNDLE_IDENTIFIER = "ilikepieqwerty123-gmail.com.flixTests";
				PRODUCT_NAME = "$(TARGET_NAME)";
				SWIFT_VERSION = 5.0;
				TARGETED_DEVICE_FAMILY = "1,2";
				TEST_HOST = "$(BUILT_PRODUCTS_DIR)/flix.app/flix";
			};
			name = Release;
		};
		F3D7C4DD23DA809500AD2E86 /* Debug */ = {
			isa = XCBuildConfiguration;
			baseConfigurationReference = 7FB73F0A504E38D5929D3DAC /* Pods-flix-flixUITests.debug.xcconfig */;
			buildSettings = {
				ALWAYS_EMBED_SWIFT_STANDARD_LIBRARIES = YES;
				CODE_SIGN_STYLE = Automatic;
				INFOPLIST_FILE = flixUITests/Info.plist;
				LD_RUNPATH_SEARCH_PATHS = (
					"$(inherited)",
					"@executable_path/Frameworks",
					"@loader_path/Frameworks",
				);
				PRODUCT_BUNDLE_IDENTIFIER = "ilikepieqwerty123-gmail.com.flixUITests";
				PRODUCT_NAME = "$(TARGET_NAME)";
				SWIFT_VERSION = 5.0;
				TARGETED_DEVICE_FAMILY = "1,2";
				TEST_TARGET_NAME = flix;
			};
			name = Debug;
		};
		F3D7C4DE23DA809500AD2E86 /* Release */ = {
			isa = XCBuildConfiguration;
			baseConfigurationReference = B8AC89A438FEF9F857875DEB /* Pods-flix-flixUITests.release.xcconfig */;
			buildSettings = {
				ALWAYS_EMBED_SWIFT_STANDARD_LIBRARIES = YES;
				CODE_SIGN_STYLE = Automatic;
				INFOPLIST_FILE = flixUITests/Info.plist;
				LD_RUNPATH_SEARCH_PATHS = (
					"$(inherited)",
					"@executable_path/Frameworks",
					"@loader_path/Frameworks",
				);
				PRODUCT_BUNDLE_IDENTIFIER = "ilikepieqwerty123-gmail.com.flixUITests";
				PRODUCT_NAME = "$(TARGET_NAME)";
				SWIFT_VERSION = 5.0;
				TARGETED_DEVICE_FAMILY = "1,2";
				TEST_TARGET_NAME = flix;
			};
			name = Release;
		};
/* End XCBuildConfiguration section */

/* Begin XCConfigurationList section */
		F3D7C4A723DA808E00AD2E86 /* Build configuration list for PBXProject "flix" */ = {
			isa = XCConfigurationList;
			buildConfigurations = (
				F3D7C4D423DA809500AD2E86 /* Debug */,
				F3D7C4D523DA809500AD2E86 /* Release */,
			);
			defaultConfigurationIsVisible = 0;
			defaultConfigurationName = Release;
		};
		F3D7C4D623DA809500AD2E86 /* Build configuration list for PBXNativeTarget "flix" */ = {
			isa = XCConfigurationList;
			buildConfigurations = (
				F3D7C4D723DA809500AD2E86 /* Debug */,
				F3D7C4D823DA809500AD2E86 /* Release */,
			);
			defaultConfigurationIsVisible = 0;
			defaultConfigurationName = Release;
		};
		F3D7C4D923DA809500AD2E86 /* Build configuration list for PBXNativeTarget "flixTests" */ = {
			isa = XCConfigurationList;
			buildConfigurations = (
				F3D7C4DA23DA809500AD2E86 /* Debug */,
				F3D7C4DB23DA809500AD2E86 /* Release */,
			);
			defaultConfigurationIsVisible = 0;
			defaultConfigurationName = Release;
		};
		F3D7C4DC23DA809500AD2E86 /* Build configuration list for PBXNativeTarget "flixUITests" */ = {
			isa = XCConfigurationList;
			buildConfigurations = (
				F3D7C4DD23DA809500AD2E86 /* Debug */,
				F3D7C4DE23DA809500AD2E86 /* Release */,
			);
			defaultConfigurationIsVisible = 0;
			defaultConfigurationName = Release;
		};
/* End XCConfigurationList section */
	};
	rootObject = F3D7C4A423DA808E00AD2E86 /* Project object */;
}
